# This file was autogenerated by Stack.
# You should not edit this file by hand.
# For more information, please see the documentation at:
#   https://docs.haskellstack.org/en/stable/lock_files

snapshots:
- original: lts-18.5
  completed:
    sha256: 22d24d0dacad9c1450b9a174c28d203f9bb482a2a8da9710a2f2a9f4afee2887
    url: https://raw.githubusercontent.com/commercialhaskell/stackage-snapshots/master/lts/18/5.yaml
    size: 585817
packages:
- original:
    hackage: countable-inflections-0.3.0@sha256:1ae91292663c99b655db47e534964f0041e16d3f4ff530e01a752b09bcad9fbe,1553
  completed:
    pantry-tree:
      sha256: 346b68558ea041d9d5e1820af6317c58e2c5b4f5a368b1505d45f719fd6ae9e9
      size: 509
    hackage: countable-inflections-0.3.0@sha256:1ae91292663c99b655db47e534964f0041e16d3f4ff530e01a752b09bcad9fbe,1553
